
Microsoft Visual Studio Solution File, Format Version 12.00
# Visual Studio 14
VisualStudioVersion = 14.0.25420.1
MinimumVisualStudioVersion = 10.0.40219.1
Project("{FAE04EC0-301F-11D3-BF4B-00C04F79EFBC}") = "LinkBook", "LinkBook\LinkBook.csproj", "{9DDADD2C-8341-4898-AF5E-6AB82A6EDC53}"
EndProject
Project("{FAE04EC0-301F-11D3-BF4B-00C04F79EFBC}") = "LinkBook.Tests", "LinkBook.Tests\LinkBook.Tests.csproj", "{0023F263-9095-4DEB-9025-302B76B86BEC}"
EndProject
Global
	GlobalSection(SolutionConfigurationPlatforms) = preSolution
		Debug|Any CPU = Debug|Any CPU
		Release|Any CPU = Release|Any CPU
	EndGlobalSection
	GlobalSection(ProjectConfigurationPlatforms) = postSolution
		{9DDADD2C-8341-4898-AF5E-6AB82A6EDC53}.Debug|Any CPU.ActiveCfg = Debug|Any CPU
		{9DDADD2C-8341-4898-AF5E-6AB82A6EDC53}.Debug|Any CPU.Build.0 = Debug|Any CPU
		{9DDADD2C-8341-4898-AF5E-6AB82A6EDC53}.Release|Any CPU.ActiveCfg = Release|Any CPU
		{9DDADD2C-8341-4898-AF5E-6AB82A6EDC53}.Release|Any CPU.Build.0 = Release|Any CPU
		{0023F263-9095-4DEB-9025-302B76B86BEC}.Debug|Any CPU.ActiveCfg = Debug|Any CPU
		{0023F263-9095-4DEB-9025-302B76B86BEC}.Debug|Any CPU.Build.0 = Debug|Any CPU
		{0023F263-9095-4DEB-9025-302B76B86BEC}.Release|Any CPU.ActiveCfg = Release|Any CPU
		{0023F263-9095-4DEB-9025-302B76B86BEC}.Release|Any CPU.Build.0 = Release|Any CPU
	EndGlobalSection
	GlobalSection(SolutionProperties) = preSolution
		HideSolutionNode = FALSE
	EndGlobalSection
EndGlobal
